// !$*UTF8*$!
{
	archiveVersion = 1;
	classes = {
	};
	objectVersion = 56;
	objects = {

/* Begin PBXBuildFile section */
		1D28A2D0297890BE006679B5 /* AppDelegate.swift in Sources */ = {isa = PBXBuildFile; fileRef = 1D28A2CF297890BE006679B5 /* AppDelegate.swift */; };
		1D28A2D2297890BE006679B5 /* SceneDelegate.swift in Sources */ = {isa = PBXBuildFile; fileRef = 1D28A2D1297890BE006679B5 /* SceneDelegate.swift */; };
		1D28A2D4297890BE006679B5 /* ViewController.swift in Sources */ = {isa = PBXBuildFile; fileRef = 1D28A2D3297890BE006679B5 /* ViewController.swift */; };
		1D28A2D9297890BF006679B5 /* Assets.xcassets in Resources */ = {isa = PBXBuildFile; fileRef = 1D28A2D8297890BF006679B5 /* Assets.xcassets */; };
		1D28A2DC297890BF006679B5 /* LaunchScreen.storyboard in Resources */ = {isa = PBXBuildFile; fileRef = 1D28A2DA297890BF006679B5 /* LaunchScreen.storyboard */; };
		1D28A2E4297893F7006679B5 /* MyCollectionViewCell.swift in Sources */ = {isa = PBXBuildFile; fileRef = 1D28A2E3297893F7006679B5 /* MyCollectionViewCell.swift */; };
		1D2C69D629806E1F006F850B /* Photo.swift in Sources */ = {isa = PBXBuildFile; fileRef = 1D2C69D529806E1F006F850B /* Photo.swift */; };
		6F1590CCF37A0F16C8C785B0 /* Pods_SomePractice.framework in Frameworks */ = {isa = PBXBuildFile; fileRef = ADCD0D00C731CF0FC042E722 /* Pods_SomePractice.framework */; };
/* End PBXBuildFile section */

/* Begin PBXFileReference section */
		1B7CF179C87A95BAB9590DF7 /* Pods-SomePractice.debug.xcconfig */ = {isa = PBXFileReference; includeInIndex = 1; lastKnownFileType = text.xcconfig; name = "Pods-SomePractice.debug.xcconfig"; path = "Target Support Files/Pods-SomePractice/Pods-SomePractice.debug.xcconfig"; sourceTree = "<group>"; };
		1D28A2CC297890BE006679B5 /* SomePractice.app */ = {isa = PBXFileReference; explicitFileType = wrapper.application; includeInIndex = 0; path = SomePractice.app; sourceTree = BUILT_PRODUCTS_DIR; };
		1D28A2CF297890BE006679B5 /* AppDelegate.swift */ = {isa = PBXFileReference; lastKnownFileType = sourcecode.swift; path = AppDelegate.swift; sourceTree = "<group>"; };
		1D28A2D1297890BE006679B5 /* SceneDelegate.swift */ = {isa = PBXFileReference; lastKnownFileType = sourcecode.swift; path = SceneDelegate.swift; sourceTree = "<group>"; };
		1D28A2D3297890BE006679B5 /* ViewController.swift */ = {isa = PBXFileReference; lastKnownFileType = sourcecode.swift; path = ViewController.swift; sourceTree = "<group>"; };
		1D28A2D8297890BF006679B5 /* Assets.xcassets */ = {isa = PBXFileReference; lastKnownFileType = folder.assetcatalog; path = Assets.xcassets; sourceTree = "<group>"; };
		1D28A2DB297890BF006679B5 /* Base */ = {isa = PBXFileReference; lastKnownFileType = file.storyboard; name = Base; path = Base.lproj/LaunchScreen.storyboard; sourceTree = "<group>"; };
		1D28A2DD297890BF006679B5 /* Info.plist */ = {isa = PBXFileReference; lastKnownFileType = text.plist.xml; path = Info.plist; sourceTree = "<group>"; };
		1D28A2E3297893F7006679B5 /* MyCollectionViewCell.swift */ = {isa = PBXFileReference; lastKnownFileType = sourcecode.swift; path = MyCollectionViewCell.swift; sourceTree = "<group>"; };
		1D2C69D529806E1F006F850B /* Photo.swift */ = {isa = PBXFileReference; lastKnownFileType = sourcecode.swift; path = Photo.swift; sourceTree = "<group>"; };
		22E6AB99009D1006610C05E8 /* Pods-SomePractice.release.xcconfig */ = {isa = PBXFileReference; includeInIndex = 1; lastKnownFileType = text.xcconfig; name = "Pods-SomePractice.release.xcconfig"; path = "Target Support Files/Pods-SomePractice/Pods-SomePractice.release.xcconfig"; sourceTree = "<group>"; };
		ADCD0D00C731CF0FC042E722 /* Pods_SomePractice.framework */ = {isa = PBXFileReference; explicitFileType = wrapper.framework; includeInIndex = 0; path = Pods_SomePractice.framework; sourceTree = BUILT_PRODUCTS_DIR; };
/* End PBXFileReference section */

/* Begin PBXFrameworksBuildPhase section */
		1D28A2C9297890BE006679B5 /* Frameworks */ = {
			isa = PBXFrameworksBuildPhase;
			buildActionMask = 2147483647;
			files = (
				6F1590CCF37A0F16C8C785B0 /* Pods_SomePractice.framework in Frameworks */,
			);
			runOnlyForDeploymentPostprocessing = 0;
		};
/* End PBXFrameworksBuildPhase section */

/* Begin PBXGroup section */
		1D28A2C3297890BE006679B5 = {
			isa = PBXGroup;
			children = (
				1D28A2CE297890BE006679B5 /* SomePractice */,
				1D28A2CD297890BE006679B5 /* Products */,
				1DC76873EC8427DEFF2AE364 /* Pods */,
				B3AAD067D7E854CE52C4D339 /* Frameworks */,
			);
			sourceTree = "<group>";
		};
		1D28A2CD297890BE006679B5 /* Products */ = {
			isa = PBXGroup;
			children = (
				1D28A2CC297890BE006679B5 /* SomePractice.app */,
			);
			name = Products;
			sourceTree = "<group>";
		};
		1D28A2CE297890BE006679B5 /* SomePractice */ = {
			isa = PBXGroup;
			children = (
				1D28A2E829789E1E006679B5 /* Controller */,
				1D28A2E629789E09006679B5 /* View */,
				1D28A2E529789DFE006679B5 /* Model */,
				1D28A2CF297890BE006679B5 /* AppDelegate.swift */,
				1D28A2D1297890BE006679B5 /* SceneDelegate.swift */,
				1D28A2D8297890BF006679B5 /* Assets.xcassets */,
				1D28A2DA297890BF006679B5 /* LaunchScreen.storyboard */,
				1D28A2DD297890BF006679B5 /* Info.plist */,
			);
			path = SomePractice;
			sourceTree = "<group>";
		};
		1D28A2E529789DFE006679B5 /* Model */ = {
			isa = PBXGroup;
			children = (
				1D2C69D529806E1F006F850B /* Photo.swift */,
			);
			path = Model;
			sourceTree = "<group>";
		};
		1D28A2E629789E09006679B5 /* View */ = {
			isa = PBXGroup;
			children = (
				1D28A2E3297893F7006679B5 /* MyCollectionViewCell.swift */,
			);
			path = View;
			sourceTree = "<group>";
		};
		1D28A2E829789E1E006679B5 /* Controller */ = {
			isa = PBXGroup;
			children = (
				1D28A2D3297890BE006679B5 /* ViewController.swift */,
			);
			path = Controller;
			sourceTree = "<group>";
		};
		1DC76873EC8427DEFF2AE364 /* Pods */ = {
			isa = PBXGroup;
			children = (
				1B7CF179C87A95BAB9590DF7 /* Pods-SomePractice.debug.xcconfig */,
				22E6AB99009D1006610C05E8 /* Pods-SomePractice.release.xcconfig */,
			);
			path = Pods;
			sourceTree = "<group>";
		};
		B3AAD067D7E854CE52C4D339 /* Frameworks */ = {
			isa = PBXGroup;
			children = (
				ADCD0D00C731CF0FC042E722 /* Pods_SomePractice.framework */,
			);
			name = Frameworks;
			sourceTree = "<group>";
		};
/* End PBXGroup section */

/* Begin PBXNativeTarget section */
		1D28A2CB297890BE006679B5 /* SomePractice */ = {
			isa = PBXNativeTarget;
			buildConfigurationList = 1D28A2E0297890BF006679B5 /* Build configuration list for PBXNativeTarget "SomePractice" */;
			buildPhases = (
				F816734252B5A14ED321E40B /* [CP] Check Pods Manifest.lock */,
				1D28A2C8297890BE006679B5 /* Sources */,
				1D28A2C9297890BE006679B5 /* Frameworks */,
				1D28A2CA297890BE006679B5 /* Resources */,
				7C5B317CABFE32C8761B1EA2 /* [CP] Embed Pods Frameworks */,
			);
			buildRules = (
			);
			dependencies = (
			);
			name = SomePractice;
			productName = SomePractice;
			productReference = 1D28A2CC297890BE006679B5 /* SomePractice.app */;
			productType = "com.apple.product-type.application";
		};
/* End PBXNativeTarget section */

/* Begin PBXProject section */
		1D28A2C4297890BE006679B5 /* Project object */ = {
			isa = PBXProject;
			attributes = {
				BuildIndependentTargetsInParallel = 1;
				LastSwiftUpdateCheck = 1420;
				LastUpgradeCheck = 1420;
				TargetAttributes = {
					1D28A2CB297890BE006679B5 = {
						CreatedOnToolsVersion = 14.2;
					};
				};
			};
			buildConfigurationList = 1D28A2C7297890BE006679B5 /* Build configuration list for PBXProject "SomePractice" */;
			compatibilityVersion = "Xcode 14.0";
			developmentRegion = en;
			hasScannedForEncodings = 0;
			knownRegions = (
				en,
				Base,
			);
			mainGroup = 1D28A2C3297890BE006679B5;
			productRefGroup = 1D28A2CD297890BE006679B5 /* Products */;
			projectDirPath = "";
			projectRoot = "";
			targets = (
				1D28A2CB297890BE006679B5 /* SomePractice */,
			);
		};
/* End PBXProject section */

/* Begin PBXResourcesBuildPhase section */
		1D28A2CA297890BE006679B5 /* Resources */ = {
			isa = PBXResourcesBuildPhase;
			buildActionMask = 2147483647;
			files = (
				1D28A2DC297890BF006679B5 /* LaunchScreen.storyboard in Resources */,
				1D28A2D9297890BF006679B5 /* Assets.xcassets in Resources */,
			);
			runOnlyForDeploymentPostprocessing = 0;
		};
/* End PBXResourcesBuildPhase section */

/* Begin PBXShellScriptBuildPhase section */
		7C5B317CABFE32C8761B1EA2 /* [CP] Embed Pods Frameworks */ = {
			isa = PBXShellScriptBuildPhase;
			buildActionMask = 2147483647;
			files = (
			);
			inputFileListPaths = (
				"${PODS_ROOT}/Target Support Files/Pods-SomePractice/Pods-SomePractice-frameworks-${CONFIGURATION}-input-files.xcfilelist",
			);
			name = "[CP] Embed Pods Frameworks";
			outputFileListPaths = (
				"${PODS_ROOT}/Target Support Files/Pods-SomePractice/Pods-SomePractice-frameworks-${CONFIGURATION}-output-files.xcfilelist",
			);
			runOnlyForDeploymentPostprocessing = 0;
			shellPath = /bin/sh;
			shellScript = "\"${PODS_ROOT}/Target Support Files/Pods-SomePractice/Pods-SomePractice-frameworks.sh\"\n";
			showEnvVarsInLog = 0;
		};
		F816734252B5A14ED321E40B /* [CP] Check Pods Manifest.lock */ = {
			isa = PBXShellScriptBuildPhase;
			buildActionMask = 2147483647;
			files = (
			);
			inputFileListPaths = (
			);
			inputPaths = (
				"${PODS_PODFILE_DIR_PATH}/Podfile.lock",
				"${PODS_ROOT}/Manifest.lock",
			);
			name = "[CP] Check Pods Manifest.lock";
			outputFileListPaths = (
			);
			outputPaths = (
				"$(DERIVED_FILE_DIR)/Pods-SomePractice-checkManifestLockResult.txt",
			);
			runOnlyForDeploymentPostprocessing = 0;
			shellPath = /bin/sh;
			shellScript = "diff \"${PODS_PODFILE_DIR_PATH}/Podfile.lock\" \"${PODS_ROOT}/Manifest.lock\" > /dev/null\nif [ $? != 0 ] ; then\n    # print error to STDERR\n    echo \"error: The sandbox is not in sync with the Podfile.lock. Run 'pod install' or update your CocoaPods installation.\" >&2\n    exit 1\nfi\n# This output is used by Xcode 'outputs' to avoid re-running this script phase.\necho \"SUCCESS\" > \"${SCRIPT_OUTPUT_FILE_0}\"\n";
			showEnvVarsInLog = 0;
		};
/* End PBXShellScriptBuildPhase section */

/* Begin PBXSourcesBuildPhase section */
		1D28A2C8297890BE006679B5 /* Sources */ = {
			isa = PBXSourcesBuildPhase;
			buildActionMask = 2147483647;
			files = (
				1D28A2D4297890BE006679B5 /* ViewController.swift in Sources */,
				1D28A2D0297890BE006679B5 /* AppDelegate.swift in Sources */,
				1D28A2E4297893F7006679B5 /* MyCollectionViewCell.swift in Sources */,
				1D28A2D2297890BE006679B5 /* SceneDelegate.swift in Sources */,
				1D2C69D629806E1F006F850B /* Photo.swift in Sources */,
			);
			runOnlyForDeploymentPostprocessing = 0;
		};
/* End PBXSourcesBuildPhase section */

/* Begin PBXVariantGroup section */
		1D28A2DA297890BF006679B5 /* LaunchScreen.storyboard */ = {
			isa = PBXVariantGroup;
			children = (
				1D28A2DB297890BF006679B5 /* Base */,
			);
			name = LaunchScreen.storyboard;
			sourceTree = "<group>";
		};
/* End PBXVariantGroup section */

/* Begin XCBuildConfiguration section */
		1D28A2DE297890BF006679B5 /* Debug */ = {
			isa = XCBuildConfiguration;
			buildSettings = {
				ALWAYS_SEARCH_USER_PATHS = NO;
				CLANG_ANALYZER_NONNULL = YES;
				CLANG_ANALYZER_NUMBER_OBJECT_CONVERSION = YES_AGGRESSIVE;
				CLANG_CXX_LANGUAGE_STANDARD = "gnu++20";
				CLANG_ENABLE_MODULES = YES;
				CLANG_ENABLE_OBJC_ARC = YES;
				CLANG_ENABLE_OBJC_WEAK = YES;
				CLANG_WARN_BLOCK_CAPTURE_AUTORELEASING = YES;
				CLANG_WARN_BOOL_CONVERSION = YES;
				CLANG_WARN_COMMA = YES;
				CLANG_WARN_CONSTANT_CONVERSION = YES;
				CLANG_WARN_DEPRECATED_OBJC_IMPLEMENTATIONS = YES;
				CLANG_WARN_DIRECT_OBJC_ISA_USAGE = YES_ERROR;
				CLANG_WARN_DOCUMENTATION_COMMENTS = YES;
				CLANG_WARN_EMPTY_BODY = YES;
				CLANG_WARN_ENUM_CONVERSION = YES;
				CLANG_WARN_INFINITE_RECURSION = YES;
				CLANG_WARN_INT_CONVERSION = YES;
				CLANG_WARN_NON_LITERAL_NULL_CONVERSION = YES;
				CLANG_WARN_OBJC_IMPLICIT_RETAIN_SELF = YES;
				CLANG_WARN_OBJC_LITERAL_CONVERSION = YES;
				CLANG_WARN_OBJC_ROOT_CLASS = YES_ERROR;
				CLANG_WARN_QUOTED_INCLUDE_IN_FRAMEWORK_HEADER = YES;
				CLANG_WARN_RANGE_LOOP_ANALYSIS = YES;
				CLANG_WARN_STRICT_PROTOTYPES = YES;
				CLANG_WARN_SUSPICIOUS_MOVE = YES;
				CLANG_WARN_UNGUARDED_AVAILABILITY = YES_AGGRESSIVE;
				CLANG_WARN_UNREACHABLE_CODE = YES;
				CLANG_WARN__DUPLICATE_METHOD_MATCH = YES;
				COPY_PHASE_STRIP = NO;
				DEBUG_INFORMATION_FORMAT = dwarf;
				ENABLE_STRICT_OBJC_MSGSEND = YES;
				ENABLE_TESTABILITY = YES;
				GCC_C_LANGUAGE_STANDARD = gnu11;
				GCC_DYNAMIC_NO_PIC = NO;
				GCC_NO_COMMON_BLOCKS = YES;
				GCC_OPTIMIZATION_LEVEL = 0;
				GCC_PREPROCESSOR_DEFINITIONS = (
					"DEBUG=1",
					"$(inherited)",
				);
				GCC_WARN_64_TO_32_BIT_CONVERSION = YES;
				GCC_WARN_ABOUT_RETURN_TYPE = YES_ERROR;
				GCC_WARN_UNDECLARED_SELECTOR = YES;
				GCC_WARN_UNINITIALIZED_AUTOS = YES_AGGRESSIVE;
				GCC_WARN_UNUSED_FUNCTION = YES;
				GCC_WARN_UNUSED_VARIABLE = YES;
				IPHONEOS_DEPLOYMENT_TARGET = 16.2;
				MTL_ENABLE_DEBUG_INFO = INCLUDE_SOURCE;
				MTL_FAST_MATH = YES;
				ONLY_ACTIVE_ARCH = YES;
				SDKROOT = iphoneos;
				SWIFT_ACTIVE_COMPILATION_CONDITIONS = DEBUG;
				SWIFT_OPTIMIZATION_LEVEL = "-Onone";
			};
			name = Debug;
		};
		1D28A2DF297890BF006679B5 /* Release */ = {
			isa = XCBuildConfiguration;
			buildSettings = {
				ALWAYS_SEARCH_USER_PATHS = NO;
				CLANG_ANALYZER_NONNULL = YES;
				CLANG_ANALYZER_NUMBER_OBJECT_CONVERSION = YES_AGGRESSIVE;
				CLANG_CXX_LANGUAGE_STANDARD = "gnu++20";
				CLANG_ENABLE_MODULES = YES;
				CLANG_ENABLE_OBJC_ARC = YES;
				CLANG_ENABLE_OBJC_WEAK = YES;
				CLANG_WARN_BLOCK_CAPTURE_AUTORELEASING = YES;
				CLANG_WARN_BOOL_CONVERSION = YES;
				CLANG_WARN_COMMA = YES;
				CLANG_WARN_CONSTANT_CONVERSION = YES;
				CLANG_WARN_DEPRECATED_OBJC_IMPLEMENTATIONS = YES;
				CLANG_WARN_DIRECT_OBJC_ISA_USAGE = YES_ERROR;
				CLANG_WARN_DOCUMENTATION_COMMENTS = YES;
				CLANG_WARN_EMPTY_BODY = YES;
				CLANG_WARN_ENUM_CONVERSION = YES;
				CLANG_WARN_INFINITE_RECURSION = YES;
				CLANG_WARN_INT_CONVERSION = YES;
				CLANG_WARN_NON_LITERAL_NULL_CONVERSION = YES;
				CLANG_WARN_OBJC_IMPLICIT_RETAIN_SELF = YES;
				CLANG_WARN_OBJC_LITERAL_CONVERSION = YES;
				CLANG_WARN_OBJC_ROOT_CLASS = YES_ERROR;
				CLANG_WARN_QUOTED_INCLUDE_IN_FRAMEWORK_HEADER = YES;
				CLANG_WARN_RANGE_LOOP_ANALYSIS = YES;
				CLANG_WARN_STRICT_PROTOTYPES = YES;
				CLANG_WARN_SUSPICIOUS_MOVE = YES;
				CLANG_WARN_UNGUARDED_AVAILABILITY = YES_AGGRESSIVE;
				CLANG_WARN_UNREACHABLE_CODE = YES;
				CLANG_WARN__DUPLICATE_METHOD_MATCH = YES;
				COPY_PHASE_STRIP = NO;
				DEBUG_INFORMATION_FORMAT = "dwarf-with-dsym";
				ENABLE_NS_ASSERTIONS = NO;
				ENABLE_STRICT_OBJC_MSGSEND = YES;
				GCC_C_LANGUAGE_STANDARD = gnu11;
				GCC_NO_COMMON_BLOCKS = YES;
				GCC_WARN_64_TO_32_BIT_CONVERSION = YES;
				GCC_WARN_ABOUT_RETURN_TYPE = YES_ERROR;
				GCC_WARN_UNDECLARED_SELECTOR = YES;
				GCC_WARN_UNINITIALIZED_AUTOS = YES_AGGRESSIVE;
				GCC_WARN_UNUSED_FUNCTION = YES;
				GCC_WARN_UNUSED_VARIABLE = YES;
				IPHONEOS_DEPLOYMENT_TARGET = 16.2;
				MTL_ENABLE_DEBUG_INFO = NO;
				MTL_FAST_MATH = YES;
				SDKROOT = iphoneos;
				SWIFT_COMPILATION_MODE = wholemodule;
				SWIFT_OPTIMIZATION_LEVEL = "-O";
				VALIDATE_PRODUCT = YES;
			};
			name = Release;
		};
		1D28A2E1297890BF006679B5 /* Debug */ = {
			isa = XCBuildConfiguration;
			baseConfigurationReference = 1B7CF179C87A95BAB9590DF7 /* Pods-SomePractice.debug.xcconfig */;
			buildSettings = {
				ASSETCATALOG_COMPILER_APPICON_NAME = AppIcon;
				ASSETCATALOG_COMPILER_GLOBAL_ACCENT_COLOR_NAME = AccentColor;
				CODE_SIGN_STYLE = Automatic;
				CURRENT_PROJECT_VERSION = 1;
				GENERATE_INFOPLIST_FILE = YES;
				INFOPLIST_FILE = SomePractice/Info.plist;
				INFOPLIST_KEY_UIApplicationSupportsIndirectInputEvents = YES;
				INFOPLIST_KEY_UILaunchStoryboardName = LaunchScreen;
				INFOPLIST_KEY_UISupportedInterfaceOrientations_iPad = "UIInterfaceOrientationPortrait UIInterfaceOrientationPortraitUpsideDown UIInterfaceOrientationLandscapeLeft UIInterfaceOrientationLandscapeRight";
				INFOPLIST_KEY_UISupportedInterfaceOrientations_iPhone = "UIInterfaceOrientationPortrait UIInterfaceOrientationLandscapeLeft UIInterfaceOrientationLandscapeRight";
				LD_RUNPATH_SEARCH_PATHS = (
					"$(inherited)",
					"@executable_path/Frameworks",
				);
				MARKETING_VERSION = 1.0;
				PRODUCT_BUNDLE_IDENTIFIER = dimash.SomePractice;
				PRODUCT_NAME = "$(TARGET_NAME)";
				SWIFT_EMIT_LOC_STRINGS = YES;
				SWIFT_VERSION = 5.0;
				TARGETED_DEVICE_FAMILY = "1,2";
			};
			name = Debug;
		};
		1D28A2E2297890BF006679B5 /* Release */ = {
			isa = XCBuildConfiguration;
			baseConfigurationReference = 22E6AB99009D1006610C05E8 /* Pods-SomePractice.release.xcconfig */;
			buildSettings = {
				ASSETCATALOG_COMPILER_APPICON_NAME = AppIcon;
				ASSETCATALOG_COMPILER_GLOBAL_ACCENT_COLOR_NAME = AccentColor;
				CODE_SIGN_STYLE = Automatic;
				CURRENT_PROJECT_VERSION = 1;
				GENERATE_INFOPLIST_FILE = YES;
				INFOPLIST_FILE = SomePractice/Info.plist;
				INFOPLIST_KEY_UIApplicationSupportsIndirectInputEvents = YES;
				INFOPLIST_KEY_UILaunchStoryboardName = LaunchScreen;
				INFOPLIST_KEY_UISupportedInterfaceOrientations_iPad = "UIInterfaceOrientationPortrait UIInterfaceOrientationPortraitUpsideDown UIInterfaceOrientationLandscapeLeft UIInterfaceOrientationLandscapeRight";
				INFOPLIST_KEY_UISupportedInterfaceOrientations_iPhone = "UIInterfaceOrientationPortrait UIInterfaceOrientationLandscapeLeft UIInterfaceOrientationLandscapeRight";
				LD_RUNPATH_SEARCH_PATHS = (
					"$(inherited)",
					"@executable_path/Frameworks",
				);
				MARKETING_VERSION = 1.0;
				PRODUCT_BUNDLE_IDENTIFIER = dimash.SomePractice;
				PRODUCT_NAME = "$(TARGET_NAME)";
				SWIFT_EMIT_LOC_STRINGS = YES;
				SWIFT_VERSION = 5.0;
				TARGETED_DEVICE_FAMILY = "1,2";
			};
			name = Release;
		};
/* End XCBuildConfiguration section */

/* Begin XCConfigurationList section */
		1D28A2C7297890BE006679B5 /* Build configuration list for PBXProject "SomePractice" */ = {
			isa = XCConfigurationList;
			buildConfigurations = (
				1D28A2DE297890BF006679B5 /* Debug */,
				1D28A2DF297890BF006679B5 /* Release */,
			);
			defaultConfigurationIsVisible = 0;
			defaultConfigurationName = Release;
		};
		1D28A2E0297890BF006679B5 /* Build configuration list for PBXNativeTarget "SomePractice" */ = {
			isa = XCConfigurationList;
			buildConfigurations = (
				1D28A2E1297890BF006679B5 /* Debug */,
				1D28A2E2297890BF006679B5 /* Release */,
			);
			defaultConfigurationIsVisible = 0;
			defaultConfigurationName = Release;
		};
/* End XCConfigurationList section */
	};
	rootObject = 1D28A2C4297890BE006679B5 /* Project object */;
}
